{
  "originHash" : "eec89ef2746e19e515cb38fc3590b405ca4ce4de06ceb013b79f08eb4dae8c82",
  "pins" : [
    {
      "identity" : "generative-ai-swift",
      "kind" : "remoteSourceControl",
      "location" : "https://github.com/google-gemini/generative-ai-swift.git",
      "state" : {
        "revision" : "44b8ce120425f9cf53ca756f3434ca2c2696f8bd",
        "version" : "0.5.6"
      }
    },
    {
      "identity" : "swiftui-multicolorgradient",
      "kind" : "remoteSourceControl",
      "location" : "https://github.com/ArthurGuibert/SwiftUI-MulticolorGradient.git",
      "state" : {
        "branch" : "main",
        "revision" : "6f80da646b607d2e3cbacc259eb41f2912ea6e4f"
      }
    }
  ],
  "version" : 3
}
